<Solution>
  <Configurations>
    <Platform Name="x64" />
    <Platform Name="x86" />
  </Configurations>
  <Folder Name="/ソリューション項目/">
    <File Path=".clang-format" />
    <File Path=".editorconfig" />
    <File Path="exclusion.dic" />
  </Folder>
  <Project Path="CakeEngine.vcxproj" Id="a702f300-e9e8-4841-b195-1006a251d9d8">
    <Build Solution="*|x86" Project="false" />
  </Project>
  <Project Path="externals/DirectXTex/DirectXTex_Desktop_2022_Win10.vcxproj" Id="371b9fa9-4c90-4ac6-a123-aced756d6c77">
    <Platform Project="x64" />
  </Project>
</Solution>
